// !$*UTF8*$!
{
	archiveVersion = 1;
	classes = {
	};
	objectVersion = 55;
	objects = {

/* Begin PBXBuildFile section */
		87F22A4E27EF26FA0083F30D /* ArticleDetailView.swift in Sources */ = {isa = PBXBuildFile; fileRef = 87F22A4D27EF26FA0083F30D /* ArticleDetailView.swift */; };
		8B0262C827E8F6A700CBFB6F /* ArticleListView.swift in Sources */ = {isa = PBXBuildFile; fileRef = 8B0262C727E8F6A700CBFB6F /* ArticleListView.swift */; };
		8B0262CA27E8F6F100CBFB6F /* ArticleListViewModel.swift in Sources */ = {isa = PBXBuildFile; fileRef = 8B0262C927E8F6F100CBFB6F /* ArticleListViewModel.swift */; };
		8B0262CC27E9041F00CBFB6F /* ArticleCell.swift in Sources */ = {isa = PBXBuildFile; fileRef = 8B0262CB27E9041F00CBFB6F /* ArticleCell.swift */; };
		8B5EF1DE27E4DF8C00D0E757 /* OtusNewsHomework_16_03App.swift in Sources */ = {isa = PBXBuildFile; fileRef = 8B5EF1DD27E4DF8C00D0E757 /* OtusNewsHomework_16_03App.swift */; };
		8B5EF1E027E4DF8C00D0E757 /* MainSegmentedControlView.swift in Sources */ = {isa = PBXBuildFile; fileRef = 8B5EF1DF27E4DF8C00D0E757 /* MainSegmentedControlView.swift */; };
		8B5EF1E227E4DF8C00D0E757 /* Assets.xcassets in Resources */ = {isa = PBXBuildFile; fileRef = 8B5EF1E127E4DF8C00D0E757 /* Assets.xcassets */; };
		8B5EF1E527E4DF8C00D0E757 /* Preview Assets.xcassets in Resources */ = {isa = PBXBuildFile; fileRef = 8B5EF1E427E4DF8C00D0E757 /* Preview Assets.xcassets */; };
		8B5EF1EC27E4E29B00D0E757 /* News.swift in Sources */ = {isa = PBXBuildFile; fileRef = 8B5EF1EB27E4E29B00D0E757 /* News.swift */; };
		8B5EF1F227E4E5AF00D0E757 /* Screen.swift in Sources */ = {isa = PBXBuildFile; fileRef = 8B5EF1F127E4E5AF00D0E757 /* Screen.swift */; };
		8B5EF1F827E4E63700D0E757 /* NavigationStack.swift in Sources */ = {isa = PBXBuildFile; fileRef = 8B5EF1F727E4E63700D0E757 /* NavigationStack.swift */; };
		8B5EF1FA27E4E6B400D0E757 /* Transition.swift in Sources */ = {isa = PBXBuildFile; fileRef = 8B5EF1F927E4E6B400D0E757 /* Transition.swift */; };
		8B5EF1FC27E4E70700D0E757 /* NavigationContainerViewModel.swift in Sources */ = {isa = PBXBuildFile; fileRef = 8B5EF1FB27E4E70700D0E757 /* NavigationContainerViewModel.swift */; };
		8B5EF1FF27E4E7CF00D0E757 /* NavigationContainerView.swift in Sources */ = {isa = PBXBuildFile; fileRef = 8B5EF1FE27E4E7CF00D0E757 /* NavigationContainerView.swift */; };
		8B5EF20127E4E8A400D0E757 /* View+Extension.swift in Sources */ = {isa = PBXBuildFile; fileRef = 8B5EF20027E4E8A400D0E757 /* View+Extension.swift */; };
		8B5EF20427E4E8EF00D0E757 /* LazyView.swift in Sources */ = {isa = PBXBuildFile; fileRef = 8B5EF20327E4E8EF00D0E757 /* LazyView.swift */; };
		8B5EF20D27E4ECC100D0E757 /* ArticleListNetworkManager.swift in Sources */ = {isa = PBXBuildFile; fileRef = 8B5EF20C27E4ECC100D0E757 /* ArticleListNetworkManager.swift */; };
		8B98EBAD27EDF8F900B9C5E7 /* Collection+Extension.swift in Sources */ = {isa = PBXBuildFile; fileRef = 8B98EBAC27EDF8F900B9C5E7 /* Collection+Extension.swift */; };
/* End PBXBuildFile section */

/* Begin PBXFileReference section */
		87F22A4D27EF26FA0083F30D /* ArticleDetailView.swift */ = {isa = PBXFileReference; lastKnownFileType = sourcecode.swift; path = ArticleDetailView.swift; sourceTree = "<group>"; };
		8B0262C727E8F6A700CBFB6F /* ArticleListView.swift */ = {isa = PBXFileReference; lastKnownFileType = sourcecode.swift; path = ArticleListView.swift; sourceTree = "<group>"; };
		8B0262C927E8F6F100CBFB6F /* ArticleListViewModel.swift */ = {isa = PBXFileReference; lastKnownFileType = sourcecode.swift; path = ArticleListViewModel.swift; sourceTree = "<group>"; };
		8B0262CB27E9041F00CBFB6F /* ArticleCell.swift */ = {isa = PBXFileReference; lastKnownFileType = sourcecode.swift; path = ArticleCell.swift; sourceTree = "<group>"; };
		8B5EF1DA27E4DF8C00D0E757 /* OtusNewsHomework_16_03.app */ = {isa = PBXFileReference; explicitFileType = wrapper.application; includeInIndex = 0; path = OtusNewsHomework_16_03.app; sourceTree = BUILT_PRODUCTS_DIR; };
		8B5EF1DD27E4DF8C00D0E757 /* OtusNewsHomework_16_03App.swift */ = {isa = PBXFileReference; lastKnownFileType = sourcecode.swift; path = OtusNewsHomework_16_03App.swift; sourceTree = "<group>"; };
		8B5EF1DF27E4DF8C00D0E757 /* MainSegmentedControlView.swift */ = {isa = PBXFileReference; lastKnownFileType = sourcecode.swift; path = MainSegmentedControlView.swift; sourceTree = "<group>"; };
		8B5EF1E127E4DF8C00D0E757 /* Assets.xcassets */ = {isa = PBXFileReference; lastKnownFileType = folder.assetcatalog; path = Assets.xcassets; sourceTree = "<group>"; };
		8B5EF1E427E4DF8C00D0E757 /* Preview Assets.xcassets */ = {isa = PBXFileReference; lastKnownFileType = folder.assetcatalog; path = "Preview Assets.xcassets"; sourceTree = "<group>"; };
		8B5EF1EB27E4E29B00D0E757 /* News.swift */ = {isa = PBXFileReference; lastKnownFileType = sourcecode.swift; path = News.swift; sourceTree = "<group>"; };
		8B5EF1F127E4E5AF00D0E757 /* Screen.swift */ = {isa = PBXFileReference; lastKnownFileType = sourcecode.swift; path = Screen.swift; sourceTree = "<group>"; };
		8B5EF1F727E4E63700D0E757 /* NavigationStack.swift */ = {isa = PBXFileReference; lastKnownFileType = sourcecode.swift; path = NavigationStack.swift; sourceTree = "<group>"; };
		8B5EF1F927E4E6B400D0E757 /* Transition.swift */ = {isa = PBXFileReference; lastKnownFileType = sourcecode.swift; path = Transition.swift; sourceTree = "<group>"; };
		8B5EF1FB27E4E70700D0E757 /* NavigationContainerViewModel.swift */ = {isa = PBXFileReference; lastKnownFileType = sourcecode.swift; path = NavigationContainerViewModel.swift; sourceTree = "<group>"; };
		8B5EF1FE27E4E7CF00D0E757 /* NavigationContainerView.swift */ = {isa = PBXFileReference; lastKnownFileType = sourcecode.swift; path = NavigationContainerView.swift; sourceTree = "<group>"; };
		8B5EF20027E4E8A400D0E757 /* View+Extension.swift */ = {isa = PBXFileReference; lastKnownFileType = sourcecode.swift; path = "View+Extension.swift"; sourceTree = "<group>"; };
		8B5EF20327E4E8EF00D0E757 /* LazyView.swift */ = {isa = PBXFileReference; lastKnownFileType = sourcecode.swift; path = LazyView.swift; sourceTree = "<group>"; };
		8B5EF20C27E4ECC100D0E757 /* ArticleListNetworkManager.swift */ = {isa = PBXFileReference; lastKnownFileType = sourcecode.swift; path = ArticleListNetworkManager.swift; sourceTree = "<group>"; };
		8B98EBAC27EDF8F900B9C5E7 /* Collection+Extension.swift */ = {isa = PBXFileReference; lastKnownFileType = sourcecode.swift; path = "Collection+Extension.swift"; sourceTree = "<group>"; };
/* End PBXFileReference section */

/* Begin PBXFrameworksBuildPhase section */
		8B5EF1D727E4DF8C00D0E757 /* Frameworks */ = {
			isa = PBXFrameworksBuildPhase;
			buildActionMask = 2147483647;
			files = (
			);
			runOnlyForDeploymentPostprocessing = 0;
		};
/* End PBXFrameworksBuildPhase section */

/* Begin PBXGroup section */
		8B5EF1D127E4DF8C00D0E757 = {
			isa = PBXGroup;
			children = (
				8B5EF1DC27E4DF8C00D0E757 /* OtusNewsHomework_16_03 */,
				8B5EF1DB27E4DF8C00D0E757 /* Products */,
			);
			sourceTree = "<group>";
		};
		8B5EF1DB27E4DF8C00D0E757 /* Products */ = {
			isa = PBXGroup;
			children = (
				8B5EF1DA27E4DF8C00D0E757 /* OtusNewsHomework_16_03.app */,
			);
			name = Products;
			sourceTree = "<group>";
		};
		8B5EF1DC27E4DF8C00D0E757 /* OtusNewsHomework_16_03 */ = {
			isa = PBXGroup;
			children = (
				8B5EF1DD27E4DF8C00D0E757 /* OtusNewsHomework_16_03App.swift */,
				8B5EF1F327E4E5BB00D0E757 /* NavigationStack */,
				8B5EF20227E4E8BB00D0E757 /* Utils */,
				8B5EF1F027E4E58B00D0E757 /* NewsView */,
				8B5EF1E127E4DF8C00D0E757 /* Assets.xcassets */,
				8B5EF1E327E4DF8C00D0E757 /* Preview Content */,
			);
			path = OtusNewsHomework_16_03;
			sourceTree = "<group>";
		};
		8B5EF1E327E4DF8C00D0E757 /* Preview Content */ = {
			isa = PBXGroup;
			children = (
				8B5EF1E427E4DF8C00D0E757 /* Preview Assets.xcassets */,
			);
			path = "Preview Content";
			sourceTree = "<group>";
		};
		8B5EF1ED27E4E2AD00D0E757 /* Model */ = {
			isa = PBXGroup;
			children = (
				8B5EF1EB27E4E29B00D0E757 /* News.swift */,
			);
			path = Model;
			sourceTree = "<group>";
		};
		8B5EF1EE27E4E2C600D0E757 /* ViewModel */ = {
			isa = PBXGroup;
			children = (
				8B0262C927E8F6F100CBFB6F /* ArticleListViewModel.swift */,
			);
			path = ViewModel;
			sourceTree = "<group>";
		};
		8B5EF1EF27E4E2D300D0E757 /* View */ = {
			isa = PBXGroup;
			children = (
				8B0262C727E8F6A700CBFB6F /* ArticleListView.swift */,
				87F22A4D27EF26FA0083F30D /* ArticleDetailView.swift */,
				8B0262CB27E9041F00CBFB6F /* ArticleCell.swift */,
				8B5EF1DF27E4DF8C00D0E757 /* MainSegmentedControlView.swift */,
			);
			path = View;
			sourceTree = "<group>";
		};
		8B5EF1F027E4E58B00D0E757 /* NewsView */ = {
			isa = PBXGroup;
			children = (
				8B5EF20B27E4ECAF00D0E757 /* NetworkManager */,
				8B5EF1EF27E4E2D300D0E757 /* View */,
				8B5EF1EE27E4E2C600D0E757 /* ViewModel */,
				8B5EF1ED27E4E2AD00D0E757 /* Model */,
			);
			path = NewsView;
			sourceTree = "<group>";
		};
		8B5EF1F327E4E5BB00D0E757 /* NavigationStack */ = {
			isa = PBXGroup;
			children = (
				8B5EF1FD27E4E77100D0E757 /* NavigationHelpers */,
				8B5EF1F527E4E5E600D0E757 /* View */,
				8B5EF1F627E4E5EB00D0E757 /* ViewModel */,
				8B5EF1F427E4E5DF00D0E757 /* Model */,
			);
			path = NavigationStack;
			sourceTree = "<group>";
		};
		8B5EF1F427E4E5DF00D0E757 /* Model */ = {
			isa = PBXGroup;
			children = (
				8B5EF1F127E4E5AF00D0E757 /* Screen.swift */,
				8B5EF1F927E4E6B400D0E757 /* Transition.swift */,
			);
			path = Model;
			sourceTree = "<group>";
		};
		8B5EF1F527E4E5E600D0E757 /* View */ = {
			isa = PBXGroup;
			children = (
				8B5EF1FE27E4E7CF00D0E757 /* NavigationContainerView.swift */,
			);
			path = View;
			sourceTree = "<group>";
		};
		8B5EF1F627E4E5EB00D0E757 /* ViewModel */ = {
			isa = PBXGroup;
			children = (
				8B5EF1FB27E4E70700D0E757 /* NavigationContainerViewModel.swift */,
			);
			path = ViewModel;
			sourceTree = "<group>";
		};
		8B5EF1FD27E4E77100D0E757 /* NavigationHelpers */ = {
			isa = PBXGroup;
			children = (
				8B5EF1F727E4E63700D0E757 /* NavigationStack.swift */,
			);
			path = NavigationHelpers;
			sourceTree = "<group>";
		};
		8B5EF20227E4E8BB00D0E757 /* Utils */ = {
			isa = PBXGroup;
			children = (
				8B5EF20527E4E8F700D0E757 /* Extensions */,
				8B5EF20327E4E8EF00D0E757 /* LazyView.swift */,
			);
			path = Utils;
			sourceTree = "<group>";
		};
		8B5EF20527E4E8F700D0E757 /* Extensions */ = {
			isa = PBXGroup;
			children = (
				8B5EF20027E4E8A400D0E757 /* View+Extension.swift */,
				8B98EBAC27EDF8F900B9C5E7 /* Collection+Extension.swift */,
			);
			path = Extensions;
			sourceTree = "<group>";
		};
		8B5EF20B27E4ECAF00D0E757 /* NetworkManager */ = {
			isa = PBXGroup;
			children = (
				8B5EF20C27E4ECC100D0E757 /* ArticleListNetworkManager.swift */,
			);
			path = NetworkManager;
			sourceTree = "<group>";
		};
/* End PBXGroup section */

/* Begin PBXNativeTarget section */
		8B5EF1D927E4DF8C00D0E757 /* OtusNewsHomework_16_03 */ = {
			isa = PBXNativeTarget;
			buildConfigurationList = 8B5EF1E827E4DF8C00D0E757 /* Build configuration list for PBXNativeTarget "OtusNewsHomework_16_03" */;
			buildPhases = (
				8B5EF1D627E4DF8C00D0E757 /* Sources */,
				8B5EF1D727E4DF8C00D0E757 /* Frameworks */,
				8B5EF1D827E4DF8C00D0E757 /* Resources */,
			);
			buildRules = (
			);
			dependencies = (
			);
			name = OtusNewsHomework_16_03;
			productName = OtusNewsHomework_16_03;
			productReference = 8B5EF1DA27E4DF8C00D0E757 /* OtusNewsHomework_16_03.app */;
			productType = "com.apple.product-type.application";
		};
/* End PBXNativeTarget section */

/* Begin PBXProject section */
		8B5EF1D227E4DF8C00D0E757 /* Project object */ = {
			isa = PBXProject;
			attributes = {
				BuildIndependentTargetsInParallel = 1;
				LastSwiftUpdateCheck = 1320;
				LastUpgradeCheck = 1320;
				TargetAttributes = {
					8B5EF1D927E4DF8C00D0E757 = {
						CreatedOnToolsVersion = 13.2.1;
					};
				};
			};
			buildConfigurationList = 8B5EF1D527E4DF8C00D0E757 /* Build configuration list for PBXProject "OtusNewsHomework_16_03" */;
			compatibilityVersion = "Xcode 13.0";
			developmentRegion = en;
			hasScannedForEncodings = 0;
			knownRegions = (
				en,
				Base,
			);
			mainGroup = 8B5EF1D127E4DF8C00D0E757;
			productRefGroup = 8B5EF1DB27E4DF8C00D0E757 /* Products */;
			projectDirPath = "";
			projectRoot = "";
			targets = (
				8B5EF1D927E4DF8C00D0E757 /* OtusNewsHomework_16_03 */,
			);
		};
/* End PBXProject section */

/* Begin PBXResourcesBuildPhase section */
		8B5EF1D827E4DF8C00D0E757 /* Resources */ = {
			isa = PBXResourcesBuildPhase;
			buildActionMask = 2147483647;
			files = (
				8B5EF1E527E4DF8C00D0E757 /* Preview Assets.xcassets in Resources */,
				8B5EF1E227E4DF8C00D0E757 /* Assets.xcassets in Resources */,
			);
			runOnlyForDeploymentPostprocessing = 0;
		};
/* End PBXResourcesBuildPhase section */

/* Begin PBXSourcesBuildPhase section */
		8B5EF1D627E4DF8C00D0E757 /* Sources */ = {
			isa = PBXSourcesBuildPhase;
			buildActionMask = 2147483647;
			files = (
				8B0262CC27E9041F00CBFB6F /* ArticleCell.swift in Sources */,
				8B0262C827E8F6A700CBFB6F /* ArticleListView.swift in Sources */,
				8B5EF1FC27E4E70700D0E757 /* NavigationContainerViewModel.swift in Sources */,
				8B5EF1FA27E4E6B400D0E757 /* Transition.swift in Sources */,
				8B0262CA27E8F6F100CBFB6F /* ArticleListViewModel.swift in Sources */,
				87F22A4E27EF26FA0083F30D /* ArticleDetailView.swift in Sources */,
				8B5EF1EC27E4E29B00D0E757 /* News.swift in Sources */,
				8B5EF1E027E4DF8C00D0E757 /* MainSegmentedControlView.swift in Sources */,
				8B5EF1DE27E4DF8C00D0E757 /* OtusNewsHomework_16_03App.swift in Sources */,
				8B5EF1F827E4E63700D0E757 /* NavigationStack.swift in Sources */,
				8B5EF1FF27E4E7CF00D0E757 /* NavigationContainerView.swift in Sources */,
				8B98EBAD27EDF8F900B9C5E7 /* Collection+Extension.swift in Sources */,
				8B5EF20127E4E8A400D0E757 /* View+Extension.swift in Sources */,
				8B5EF20427E4E8EF00D0E757 /* LazyView.swift in Sources */,
				8B5EF1F227E4E5AF00D0E757 /* Screen.swift in Sources */,
				8B5EF20D27E4ECC100D0E757 /* ArticleListNetworkManager.swift in Sources */,
			);
			runOnlyForDeploymentPostprocessing = 0;
		};
/* End PBXSourcesBuildPhase section */

/* Begin XCBuildConfiguration section */
		8B5EF1E627E4DF8C00D0E757 /* Debug */ = {
			isa = XCBuildConfiguration;
			buildSettings = {
				ALWAYS_SEARCH_USER_PATHS = NO;
				CLANG_ANALYZER_NONNULL = YES;
				CLANG_ANALYZER_NUMBER_OBJECT_CONVERSION = YES_AGGRESSIVE;
				CLANG_CXX_LANGUAGE_STANDARD = "gnu++17";
				CLANG_CXX_LIBRARY = "libc++";
				CLANG_ENABLE_MODULES = YES;
				CLANG_ENABLE_OBJC_ARC = YES;
				CLANG_ENABLE_OBJC_WEAK = YES;
				CLANG_WARN_BLOCK_CAPTURE_AUTORELEASING = YES;
				CLANG_WARN_BOOL_CONVERSION = YES;
				CLANG_WARN_COMMA = YES;
				CLANG_WARN_CONSTANT_CONVERSION = YES;
				CLANG_WARN_DEPRECATED_OBJC_IMPLEMENTATIONS = YES;
				CLANG_WARN_DIRECT_OBJC_ISA_USAGE = YES_ERROR;
				CLANG_WARN_DOCUMENTATION_COMMENTS = YES;
				CLANG_WARN_EMPTY_BODY = YES;
				CLANG_WARN_ENUM_CONVERSION = YES;
				CLANG_WARN_INFINITE_RECURSION = YES;
				CLANG_WARN_INT_CONVERSION = YES;
				CLANG_WARN_NON_LITERAL_NULL_CONVERSION = YES;
				CLANG_WARN_OBJC_IMPLICIT_RETAIN_SELF = YES;
				CLANG_WARN_OBJC_LITERAL_CONVERSION = YES;
				CLANG_WARN_OBJC_ROOT_CLASS = YES_ERROR;
				CLANG_WARN_QUOTED_INCLUDE_IN_FRAMEWORK_HEADER = YES;
				CLANG_WARN_RANGE_LOOP_ANALYSIS = YES;
				CLANG_WARN_STRICT_PROTOTYPES = YES;
				CLANG_WARN_SUSPICIOUS_MOVE = YES;
				CLANG_WARN_UNGUARDED_AVAILABILITY = YES_AGGRESSIVE;
				CLANG_WARN_UNREACHABLE_CODE = YES;
				CLANG_WARN__DUPLICATE_METHOD_MATCH = YES;
				COPY_PHASE_STRIP = NO;
				DEBUG_INFORMATION_FORMAT = dwarf;
				ENABLE_STRICT_OBJC_MSGSEND = YES;
				ENABLE_TESTABILITY = YES;
				GCC_C_LANGUAGE_STANDARD = gnu11;
				GCC_DYNAMIC_NO_PIC = NO;
				GCC_NO_COMMON_BLOCKS = YES;
				GCC_OPTIMIZATION_LEVEL = 0;
				GCC_PREPROCESSOR_DEFINITIONS = (
					"DEBUG=1",
					"$(inherited)",
				);
				GCC_WARN_64_TO_32_BIT_CONVERSION = YES;
				GCC_WARN_ABOUT_RETURN_TYPE = YES_ERROR;
				GCC_WARN_UNDECLARED_SELECTOR = YES;
				GCC_WARN_UNINITIALIZED_AUTOS = YES_AGGRESSIVE;
				GCC_WARN_UNUSED_FUNCTION = YES;
				GCC_WARN_UNUSED_VARIABLE = YES;
				IPHONEOS_DEPLOYMENT_TARGET = 15.2;
				MTL_ENABLE_DEBUG_INFO = INCLUDE_SOURCE;
				MTL_FAST_MATH = YES;
				ONLY_ACTIVE_ARCH = YES;
				SDKROOT = iphoneos;
				SWIFT_ACTIVE_COMPILATION_CONDITIONS = DEBUG;
				SWIFT_OPTIMIZATION_LEVEL = "-Onone";
			};
			name = Debug;
		};
		8B5EF1E727E4DF8C00D0E757 /* Release */ = {
			isa = XCBuildConfiguration;
			buildSettings = {
				ALWAYS_SEARCH_USER_PATHS = NO;
				CLANG_ANALYZER_NONNULL = YES;
				CLANG_ANALYZER_NUMBER_OBJECT_CONVERSION = YES_AGGRESSIVE;
				CLANG_CXX_LANGUAGE_STANDARD = "gnu++17";
				CLANG_CXX_LIBRARY = "libc++";
				CLANG_ENABLE_MODULES = YES;
				CLANG_ENABLE_OBJC_ARC = YES;
				CLANG_ENABLE_OBJC_WEAK = YES;
				CLANG_WARN_BLOCK_CAPTURE_AUTORELEASING = YES;
				CLANG_WARN_BOOL_CONVERSION = YES;
				CLANG_WARN_COMMA = YES;
				CLANG_WARN_CONSTANT_CONVERSION = YES;
				CLANG_WARN_DEPRECATED_OBJC_IMPLEMENTATIONS = YES;
				CLANG_WARN_DIRECT_OBJC_ISA_USAGE = YES_ERROR;
				CLANG_WARN_DOCUMENTATION_COMMENTS = YES;
				CLANG_WARN_EMPTY_BODY = YES;
				CLANG_WARN_ENUM_CONVERSION = YES;
				CLANG_WARN_INFINITE_RECURSION = YES;
				CLANG_WARN_INT_CONVERSION = YES;
				CLANG_WARN_NON_LITERAL_NULL_CONVERSION = YES;
				CLANG_WARN_OBJC_IMPLICIT_RETAIN_SELF = YES;
				CLANG_WARN_OBJC_LITERAL_CONVERSION = YES;
				CLANG_WARN_OBJC_ROOT_CLASS = YES_ERROR;
				CLANG_WARN_QUOTED_INCLUDE_IN_FRAMEWORK_HEADER = YES;
				CLANG_WARN_RANGE_LOOP_ANALYSIS = YES;
				CLANG_WARN_STRICT_PROTOTYPES = YES;
				CLANG_WARN_SUSPICIOUS_MOVE = YES;
				CLANG_WARN_UNGUARDED_AVAILABILITY = YES_AGGRESSIVE;
				CLANG_WARN_UNREACHABLE_CODE = YES;
				CLANG_WARN__DUPLICATE_METHOD_MATCH = YES;
				COPY_PHASE_STRIP = NO;
				DEBUG_INFORMATION_FORMAT = "dwarf-with-dsym";
				ENABLE_NS_ASSERTIONS = NO;
				ENABLE_STRICT_OBJC_MSGSEND = YES;
				GCC_C_LANGUAGE_STANDARD = gnu11;
				GCC_NO_COMMON_BLOCKS = YES;
				GCC_WARN_64_TO_32_BIT_CONVERSION = YES;
				GCC_WARN_ABOUT_RETURN_TYPE = YES_ERROR;
				GCC_WARN_UNDECLARED_SELECTOR = YES;
				GCC_WARN_UNINITIALIZED_AUTOS = YES_AGGRESSIVE;
				GCC_WARN_UNUSED_FUNCTION = YES;
				GCC_WARN_UNUSED_VARIABLE = YES;
				IPHONEOS_DEPLOYMENT_TARGET = 15.2;
				MTL_ENABLE_DEBUG_INFO = NO;
				MTL_FAST_MATH = YES;
				SDKROOT = iphoneos;
				SWIFT_COMPILATION_MODE = wholemodule;
				SWIFT_OPTIMIZATION_LEVEL = "-O";
				VALIDATE_PRODUCT = YES;
			};
			name = Release;
		};
		8B5EF1E927E4DF8C00D0E757 /* Debug */ = {
			isa = XCBuildConfiguration;
			buildSettings = {
				ASSETCATALOG_COMPILER_APPICON_NAME = AppIcon;
				ASSETCATALOG_COMPILER_GLOBAL_ACCENT_COLOR_NAME = AccentColor;
				CODE_SIGN_STYLE = Automatic;
				CURRENT_PROJECT_VERSION = 1;
				DEVELOPMENT_ASSET_PATHS = "\"OtusNewsHomework_16_03/Preview Content\"";
				DEVELOPMENT_TEAM = RJ72JSGMTM;
				ENABLE_PREVIEWS = YES;
				GENERATE_INFOPLIST_FILE = YES;
				INFOPLIST_KEY_UIApplicationSceneManifest_Generation = YES;
				INFOPLIST_KEY_UIApplicationSupportsIndirectInputEvents = YES;
				INFOPLIST_KEY_UILaunchScreen_Generation = YES;
				INFOPLIST_KEY_UISupportedInterfaceOrientations_iPad = "UIInterfaceOrientationPortrait UIInterfaceOrientationPortraitUpsideDown UIInterfaceOrientationLandscapeLeft UIInterfaceOrientationLandscapeRight";
				INFOPLIST_KEY_UISupportedInterfaceOrientations_iPhone = "UIInterfaceOrientationPortrait UIInterfaceOrientationLandscapeLeft UIInterfaceOrientationLandscapeRight";
				IPHONEOS_DEPLOYMENT_TARGET = 15.0;
				LD_RUNPATH_SEARCH_PATHS = (
					"$(inherited)",
					"@executable_path/Frameworks",
				);
				MARKETING_VERSION = 1.0;
				PRODUCT_BUNDLE_IDENTIFIER = "tattelecom.OtusNewsHomework-16-03";
				PRODUCT_NAME = "$(TARGET_NAME)";
				SWIFT_EMIT_LOC_STRINGS = YES;
				SWIFT_VERSION = 5.0;
				TARGETED_DEVICE_FAMILY = "1,2";
			};
			name = Debug;
		};
		8B5EF1EA27E4DF8C00D0E757 /* Release */ = {
			isa = XCBuildConfiguration;
			buildSettings = {
				ASSETCATALOG_COMPILER_APPICON_NAME = AppIcon;
				ASSETCATALOG_COMPILER_GLOBAL_ACCENT_COLOR_NAME = AccentColor;
				CODE_SIGN_STYLE = Automatic;
				CURRENT_PROJECT_VERSION = 1;
				DEVELOPMENT_ASSET_PATHS = "\"OtusNewsHomework_16_03/Preview Content\"";
				DEVELOPMENT_TEAM = RJ72JSGMTM;
				ENABLE_PREVIEWS = YES;
				GENERATE_INFOPLIST_FILE = YES;
				INFOPLIST_KEY_UIApplicationSceneManifest_Generation = YES;
				INFOPLIST_KEY_UIApplicationSupportsIndirectInputEvents = YES;
				INFOPLIST_KEY_UILaunchScreen_Generation = YES;
				INFOPLIST_KEY_UISupportedInterfaceOrientations_iPad = "UIInterfaceOrientationPortrait UIInterfaceOrientationPortraitUpsideDown UIInterfaceOrientationLandscapeLeft UIInterfaceOrientationLandscapeRight";
				INFOPLIST_KEY_UISupportedInterfaceOrientations_iPhone = "UIInterfaceOrientationPortrait UIInterfaceOrientationLandscapeLeft UIInterfaceOrientationLandscapeRight";
				IPHONEOS_DEPLOYMENT_TARGET = 15.0;
				LD_RUNPATH_SEARCH_PATHS = (
					"$(inherited)",
					"@executable_path/Frameworks",
				);
				MARKETING_VERSION = 1.0;
				PRODUCT_BUNDLE_IDENTIFIER = "tattelecom.OtusNewsHomework-16-03";
				PRODUCT_NAME = "$(TARGET_NAME)";
				SWIFT_EMIT_LOC_STRINGS = YES;
				SWIFT_VERSION = 5.0;
				TARGETED_DEVICE_FAMILY = "1,2";
			};
			name = Release;
		};
/* End XCBuildConfiguration section */

/* Begin XCConfigurationList section */
		8B5EF1D527E4DF8C00D0E757 /* Build configuration list for PBXProject "OtusNewsHomework_16_03" */ = {
			isa = XCConfigurationList;
			buildConfigurations = (
				8B5EF1E627E4DF8C00D0E757 /* Debug */,
				8B5EF1E727E4DF8C00D0E757 /* Release */,
			);
			defaultConfigurationIsVisible = 0;
			defaultConfigurationName = Release;
		};
		8B5EF1E827E4DF8C00D0E757 /* Build configuration list for PBXNativeTarget "OtusNewsHomework_16_03" */ = {
			isa = XCConfigurationList;
			buildConfigurations = (
				8B5EF1E927E4DF8C00D0E757 /* Debug */,
				8B5EF1EA27E4DF8C00D0E757 /* Release */,
			);
			defaultConfigurationIsVisible = 0;
			defaultConfigurationName = Release;
		};
/* End XCConfigurationList section */
	};
	rootObject = 8B5EF1D227E4DF8C00D0E757 /* Project object */;
}
